
Microsoft Visual Studio Solution File, Format Version 12.00
# Visual Studio Version 16
VisualStudioVersion = 16.0.30225.117
MinimumVisualStudioVersion = 10.0.40219.1
Project("{FAE04EC0-301F-11D3-BF4B-00C04F79EFBC}") = "ScratchToAdvanceAspcoreApp", "ScratchToAdvanceAspcoreApp\ScratchToAdvanceAspcoreApp.csproj", "{5639293F-DACF-438C-B8C3-A7F3F66DDD47}"
EndProject
Global
	GlobalSection(SolutionConfigurationPlatforms) = preSolution
		Debug|Any CPU = Debug|Any CPU
		Release|Any CPU = Release|Any CPU
	EndGlobalSection
	GlobalSection(ProjectConfigurationPlatforms) = postSolution
		{5639293F-DACF-438C-B8C3-A7F3F66DDD47}.Debug|Any CPU.ActiveCfg = Debug|Any CPU
		{5639293F-DACF-438C-B8C3-A7F3F66DDD47}.Debug|Any CPU.Build.0 = Debug|Any CPU
		{5639293F-DACF-438C-B8C3-A7F3F66DDD47}.Release|Any CPU.ActiveCfg = Release|Any CPU
		{5639293F-DACF-438C-B8C3-A7F3F66DDD47}.Release|Any CPU.Build.0 = Release|Any CPU
	EndGlobalSection
	GlobalSection(SolutionProperties) = preSolution
		HideSolutionNode = FALSE
	EndGlobalSection
	GlobalSection(ExtensibilityGlobals) = postSolution
		SolutionGuid = {34D45192-5A0E-47D5-9697-125DB20A9C33}
	EndGlobalSection
EndGlobal
